
Microsoft Visual Studio Solution File, Format Version 12.00
# Visual Studio Version 16
VisualStudioVersion = 16.0.32106.194
MinimumVisualStudioVersion = 10.0.40219.1
Project("{8BC9CEB8-8B4A-11D0-8D11-00A0C91BC942}") = "单链表的应用举例", "单链表的应用举例\单链表的应用举例.vcxproj", "{DF1F7D4B-0614-4D6C-9728-15B32346ACFB}"
EndProject
Global
	GlobalSection(SolutionConfigurationPlatforms) = preSolution
		Debug|x64 = Debug|x64
		Debug|x86 = Debug|x86
		Release|x64 = Release|x64
		Release|x86 = Release|x86
	EndGlobalSection
	GlobalSection(ProjectConfigurationPlatforms) = postSolution
		{DF1F7D4B-0614-4D6C-9728-15B32346ACFB}.Debug|x64.ActiveCfg = Debug|x64
		{DF1F7D4B-0614-4D6C-9728-15B32346ACFB}.Debug|x64.Build.0 = Debug|x64
		{DF1F7D4B-0614-4D6C-9728-15B32346ACFB}.Debug|x86.ActiveCfg = Debug|Win32
		{DF1F7D4B-0614-4D6C-9728-15B32346ACFB}.Debug|x86.Build.0 = Debug|Win32
		{DF1F7D4B-0614-4D6C-9728-15B32346ACFB}.Release|x64.ActiveCfg = Release|x64
		{DF1F7D4B-0614-4D6C-9728-15B32346ACFB}.Release|x64.Build.0 = Release|x64
		{DF1F7D4B-0614-4D6C-9728-15B32346ACFB}.Release|x86.ActiveCfg = Release|Win32
		{DF1F7D4B-0614-4D6C-9728-15B32346ACFB}.Release|x86.Build.0 = Release|Win32
	EndGlobalSection
	GlobalSection(SolutionProperties) = preSolution
		HideSolutionNode = FALSE
	EndGlobalSection
	GlobalSection(ExtensibilityGlobals) = postSolution
		SolutionGuid = {7E814669-B6A0-4D9B-A0BD-379ED5F92AE1}
	EndGlobalSection
EndGlobal
